
Microsoft Visual Studio Solution File, Format Version 12.00
# Visual Studio Version 17
VisualStudioVersion = 17.0.31903.59
MinimumVisualStudioVersion = 10.0.40219.1
Project("{2150E333-8FDC-42A3-9474-1A3956D46DE8}") = "Src", "Src", "{F755A031-F1DA-4DBB-A2BD-FAE509288FAA}"
EndProject
Project("{FAE04EC0-301F-11D3-BF4B-00C04F79EFBC}") = "Engine", "Src\Engine\Engine.csproj", "{3B2B492D-1AE7-4E97-BE29-FA9C374689C4}"
EndProject
Project("{FAE04EC0-301F-11D3-BF4B-00C04F79EFBC}") = "Engine.Benchmark", "Src\Engine.Benchmark\Engine.Benchmark.csproj", "{7EAC4BE3-9F85-41CB-A638-403AF91E7EE9}"
EndProject
Project("{FAE04EC0-301F-11D3-BF4B-00C04F79EFBC}") = "Engine.Test", "Src\Engine.Test\Engine.Test.csproj", "{1EB8C93E-EC07-4D4B-8DDB-40C27FB02C7D}"
EndProject
Project("{FAE04EC0-301F-11D3-BF4B-00C04F79EFBC}") = "Models", "Src\Models\Models.csproj", "{B501A4B2-154E-49F8-AD69-CA7CBFFC09FF}"
EndProject
Project("{FAE04EC0-301F-11D3-BF4B-00C04F79EFBC}") = "Models.Test", "Src\Models.Test\Models.Test.csproj", "{5C2552A6-4D67-402D-9005-4C5A4D06C819}"
EndProject
Project("{FAE04EC0-301F-11D3-BF4B-00C04F79EFBC}") = "TextDetection", "Src\TextDetection\TextDetection.csproj", "{A7FF7464-7CB0-42AB-B9DD-D1AB329838F9}"
EndProject
Project("{FAE04EC0-301F-11D3-BF4B-00C04F79EFBC}") = "TextDetection.Test", "Src\TextDetection.Test\TextDetection.Test.csproj", "{DA9868E2-09BC-4E5C-A2D8-114919D940E6}"
EndProject
Project("{FAE04EC0-301F-11D3-BF4B-00C04F79EFBC}") = "TextRecognition", "Src\TextRecognition\TextRecognition.csproj", "{58296A83-2252-47DC-B34C-757A948CB4A9}"
EndProject
Project("{FAE04EC0-301F-11D3-BF4B-00C04F79EFBC}") = "TextRecognition.Test", "Src\TextRecognition.Test\TextRecognition.Test.csproj", "{C4CB8A84-7CC1-4F02-BA32-90853C06A28F}"
EndProject
Global
	GlobalSection(SolutionConfigurationPlatforms) = preSolution
		Debug|Any CPU = Debug|Any CPU
		Debug|x64 = Debug|x64
		Debug|x86 = Debug|x86
		Release|Any CPU = Release|Any CPU
		Release|x64 = Release|x64
		Release|x86 = Release|x86
	EndGlobalSection
	GlobalSection(ProjectConfigurationPlatforms) = postSolution
		{3B2B492D-1AE7-4E97-BE29-FA9C374689C4}.Debug|Any CPU.ActiveCfg = Debug|Any CPU
		{3B2B492D-1AE7-4E97-BE29-FA9C374689C4}.Debug|Any CPU.Build.0 = Debug|Any CPU
		{3B2B492D-1AE7-4E97-BE29-FA9C374689C4}.Debug|x64.ActiveCfg = Debug|Any CPU
		{3B2B492D-1AE7-4E97-BE29-FA9C374689C4}.Debug|x64.Build.0 = Debug|Any CPU
		{3B2B492D-1AE7-4E97-BE29-FA9C374689C4}.Debug|x86.ActiveCfg = Debug|Any CPU
		{3B2B492D-1AE7-4E97-BE29-FA9C374689C4}.Debug|x86.Build.0 = Debug|Any CPU
		{3B2B492D-1AE7-4E97-BE29-FA9C374689C4}.Release|Any CPU.ActiveCfg = Release|Any CPU
		{3B2B492D-1AE7-4E97-BE29-FA9C374689C4}.Release|Any CPU.Build.0 = Release|Any CPU
		{3B2B492D-1AE7-4E97-BE29-FA9C374689C4}.Release|x64.ActiveCfg = Release|Any CPU
		{3B2B492D-1AE7-4E97-BE29-FA9C374689C4}.Release|x64.Build.0 = Release|Any CPU
		{3B2B492D-1AE7-4E97-BE29-FA9C374689C4}.Release|x86.ActiveCfg = Release|Any CPU
		{3B2B492D-1AE7-4E97-BE29-FA9C374689C4}.Release|x86.Build.0 = Release|Any CPU
		{7EAC4BE3-9F85-41CB-A638-403AF91E7EE9}.Debug|Any CPU.ActiveCfg = Debug|Any CPU
		{7EAC4BE3-9F85-41CB-A638-403AF91E7EE9}.Debug|Any CPU.Build.0 = Debug|Any CPU
		{7EAC4BE3-9F85-41CB-A638-403AF91E7EE9}.Debug|x64.ActiveCfg = Debug|Any CPU
		{7EAC4BE3-9F85-41CB-A638-403AF91E7EE9}.Debug|x64.Build.0 = Debug|Any CPU
		{7EAC4BE3-9F85-41CB-A638-403AF91E7EE9}.Debug|x86.ActiveCfg = Debug|Any CPU
		{7EAC4BE3-9F85-41CB-A638-403AF91E7EE9}.Debug|x86.Build.0 = Debug|Any CPU
		{7EAC4BE3-9F85-41CB-A638-403AF91E7EE9}.Release|Any CPU.ActiveCfg = Release|Any CPU
		{7EAC4BE3-9F85-41CB-A638-403AF91E7EE9}.Release|Any CPU.Build.0 = Release|Any CPU
		{7EAC4BE3-9F85-41CB-A638-403AF91E7EE9}.Release|x64.ActiveCfg = Release|Any CPU
		{7EAC4BE3-9F85-41CB-A638-403AF91E7EE9}.Release|x64.Build.0 = Release|Any CPU
		{7EAC4BE3-9F85-41CB-A638-403AF91E7EE9}.Release|x86.ActiveCfg = Release|Any CPU
		{7EAC4BE3-9F85-41CB-A638-403AF91E7EE9}.Release|x86.Build.0 = Release|Any CPU
		{1EB8C93E-EC07-4D4B-8DDB-40C27FB02C7D}.Debug|Any CPU.ActiveCfg = Debug|Any CPU
		{1EB8C93E-EC07-4D4B-8DDB-40C27FB02C7D}.Debug|Any CPU.Build.0 = Debug|Any CPU
		{1EB8C93E-EC07-4D4B-8DDB-40C27FB02C7D}.Debug|x64.ActiveCfg = Debug|Any CPU
		{1EB8C93E-EC07-4D4B-8DDB-40C27FB02C7D}.Debug|x64.Build.0 = Debug|Any CPU
		{1EB8C93E-EC07-4D4B-8DDB-40C27FB02C7D}.Debug|x86.ActiveCfg = Debug|Any CPU
		{1EB8C93E-EC07-4D4B-8DDB-40C27FB02C7D}.Debug|x86.Build.0 = Debug|Any CPU
		{1EB8C93E-EC07-4D4B-8DDB-40C27FB02C7D}.Release|Any CPU.ActiveCfg = Release|Any CPU
		{1EB8C93E-EC07-4D4B-8DDB-40C27FB02C7D}.Release|Any CPU.Build.0 = Release|Any CPU
		{1EB8C93E-EC07-4D4B-8DDB-40C27FB02C7D}.Release|x64.ActiveCfg = Release|Any CPU
		{1EB8C93E-EC07-4D4B-8DDB-40C27FB02C7D}.Release|x64.Build.0 = Release|Any CPU
		{1EB8C93E-EC07-4D4B-8DDB-40C27FB02C7D}.Release|x86.ActiveCfg = Release|Any CPU
		{1EB8C93E-EC07-4D4B-8DDB-40C27FB02C7D}.Release|x86.Build.0 = Release|Any CPU
		{B501A4B2-154E-49F8-AD69-CA7CBFFC09FF}.Debug|Any CPU.ActiveCfg = Debug|Any CPU
		{B501A4B2-154E-49F8-AD69-CA7CBFFC09FF}.Debug|Any CPU.Build.0 = Debug|Any CPU
		{B501A4B2-154E-49F8-AD69-CA7CBFFC09FF}.Debug|x64.ActiveCfg = Debug|Any CPU
		{B501A4B2-154E-49F8-AD69-CA7CBFFC09FF}.Debug|x64.Build.0 = Debug|Any CPU
		{B501A4B2-154E-49F8-AD69-CA7CBFFC09FF}.Debug|x86.ActiveCfg = Debug|Any CPU
		{B501A4B2-154E-49F8-AD69-CA7CBFFC09FF}.Debug|x86.Build.0 = Debug|Any CPU
		{B501A4B2-154E-49F8-AD69-CA7CBFFC09FF}.Release|Any CPU.ActiveCfg = Release|Any CPU
		{B501A4B2-154E-49F8-AD69-CA7CBFFC09FF}.Release|Any CPU.Build.0 = Release|Any CPU
		{B501A4B2-154E-49F8-AD69-CA7CBFFC09FF}.Release|x64.ActiveCfg = Release|Any CPU
		{B501A4B2-154E-49F8-AD69-CA7CBFFC09FF}.Release|x64.Build.0 = Release|Any CPU
		{B501A4B2-154E-49F8-AD69-CA7CBFFC09FF}.Release|x86.ActiveCfg = Release|Any CPU
		{B501A4B2-154E-49F8-AD69-CA7CBFFC09FF}.Release|x86.Build.0 = Release|Any CPU
		{5C2552A6-4D67-402D-9005-4C5A4D06C819}.Debug|Any CPU.ActiveCfg = Debug|Any CPU
		{5C2552A6-4D67-402D-9005-4C5A4D06C819}.Debug|Any CPU.Build.0 = Debug|Any CPU
		{5C2552A6-4D67-402D-9005-4C5A4D06C819}.Debug|x64.ActiveCfg = Debug|Any CPU
		{5C2552A6-4D67-402D-9005-4C5A4D06C819}.Debug|x64.Build.0 = Debug|Any CPU
		{5C2552A6-4D67-402D-9005-4C5A4D06C819}.Debug|x86.ActiveCfg = Debug|Any CPU
		{5C2552A6-4D67-402D-9005-4C5A4D06C819}.Debug|x86.Build.0 = Debug|Any CPU
		{5C2552A6-4D67-402D-9005-4C5A4D06C819}.Release|Any CPU.ActiveCfg = Release|Any CPU
		{5C2552A6-4D67-402D-9005-4C5A4D06C819}.Release|Any CPU.Build.0 = Release|Any CPU
		{5C2552A6-4D67-402D-9005-4C5A4D06C819}.Release|x64.ActiveCfg = Release|Any CPU
		{5C2552A6-4D67-402D-9005-4C5A4D06C819}.Release|x64.Build.0 = Release|Any CPU
		{5C2552A6-4D67-402D-9005-4C5A4D06C819}.Release|x86.ActiveCfg = Release|Any CPU
		{5C2552A6-4D67-402D-9005-4C5A4D06C819}.Release|x86.Build.0 = Release|Any CPU
		{A7FF7464-7CB0-42AB-B9DD-D1AB329838F9}.Debug|Any CPU.ActiveCfg = Debug|Any CPU
		{A7FF7464-7CB0-42AB-B9DD-D1AB329838F9}.Debug|Any CPU.Build.0 = Debug|Any CPU
		{A7FF7464-7CB0-42AB-B9DD-D1AB329838F9}.Debug|x64.ActiveCfg = Debug|Any CPU
		{A7FF7464-7CB0-42AB-B9DD-D1AB329838F9}.Debug|x64.Build.0 = Debug|Any CPU
		{A7FF7464-7CB0-42AB-B9DD-D1AB329838F9}.Debug|x86.ActiveCfg = Debug|Any CPU
		{A7FF7464-7CB0-42AB-B9DD-D1AB329838F9}.Debug|x86.Build.0 = Debug|Any CPU
		{A7FF7464-7CB0-42AB-B9DD-D1AB329838F9}.Release|Any CPU.ActiveCfg = Release|Any CPU
		{A7FF7464-7CB0-42AB-B9DD-D1AB329838F9}.Release|Any CPU.Build.0 = Release|Any CPU
		{A7FF7464-7CB0-42AB-B9DD-D1AB329838F9}.Release|x64.ActiveCfg = Release|Any CPU
		{A7FF7464-7CB0-42AB-B9DD-D1AB329838F9}.Release|x64.Build.0 = Release|Any CPU
		{A7FF7464-7CB0-42AB-B9DD-D1AB329838F9}.Release|x86.ActiveCfg = Release|Any CPU
		{A7FF7464-7CB0-42AB-B9DD-D1AB329838F9}.Release|x86.Build.0 = Release|Any CPU
		{DA9868E2-09BC-4E5C-A2D8-114919D940E6}.Debug|Any CPU.ActiveCfg = Debug|Any CPU
		{DA9868E2-09BC-4E5C-A2D8-114919D940E6}.Debug|Any CPU.Build.0 = Debug|Any CPU
		{DA9868E2-09BC-4E5C-A2D8-114919D940E6}.Debug|x64.ActiveCfg = Debug|Any CPU
		{DA9868E2-09BC-4E5C-A2D8-114919D940E6}.Debug|x64.Build.0 = Debug|Any CPU
		{DA9868E2-09BC-4E5C-A2D8-114919D940E6}.Debug|x86.ActiveCfg = Debug|Any CPU
		{DA9868E2-09BC-4E5C-A2D8-114919D940E6}.Debug|x86.Build.0 = Debug|Any CPU
		{DA9868E2-09BC-4E5C-A2D8-114919D940E6}.Release|Any CPU.ActiveCfg = Release|Any CPU
		{DA9868E2-09BC-4E5C-A2D8-114919D940E6}.Release|Any CPU.Build.0 = Release|Any CPU
		{DA9868E2-09BC-4E5C-A2D8-114919D940E6}.Release|x64.ActiveCfg = Release|Any CPU
		{DA9868E2-09BC-4E5C-A2D8-114919D940E6}.Release|x64.Build.0 = Release|Any CPU
		{DA9868E2-09BC-4E5C-A2D8-114919D940E6}.Release|x86.ActiveCfg = Release|Any CPU
		{DA9868E2-09BC-4E5C-A2D8-114919D940E6}.Release|x86.Build.0 = Release|Any CPU
		{58296A83-2252-47DC-B34C-757A948CB4A9}.Debug|Any CPU.ActiveCfg = Debug|Any CPU
		{58296A83-2252-47DC-B34C-757A948CB4A9}.Debug|Any CPU.Build.0 = Debug|Any CPU
		{58296A83-2252-47DC-B34C-757A948CB4A9}.Debug|x64.ActiveCfg = Debug|Any CPU
		{58296A83-2252-47DC-B34C-757A948CB4A9}.Debug|x64.Build.0 = Debug|Any CPU
		{58296A83-2252-47DC-B34C-757A948CB4A9}.Debug|x86.ActiveCfg = Debug|Any CPU
		{58296A83-2252-47DC-B34C-757A948CB4A9}.Debug|x86.Build.0 = Debug|Any CPU
		{58296A83-2252-47DC-B34C-757A948CB4A9}.Release|Any CPU.ActiveCfg = Release|Any CPU
		{58296A83-2252-47DC-B34C-757A948CB4A9}.Release|Any CPU.Build.0 = Release|Any CPU
		{58296A83-2252-47DC-B34C-757A948CB4A9}.Release|x64.ActiveCfg = Release|Any CPU
		{58296A83-2252-47DC-B34C-757A948CB4A9}.Release|x64.Build.0 = Release|Any CPU
		{58296A83-2252-47DC-B34C-757A948CB4A9}.Release|x86.ActiveCfg = Release|Any CPU
		{58296A83-2252-47DC-B34C-757A948CB4A9}.Release|x86.Build.0 = Release|Any CPU
		{C4CB8A84-7CC1-4F02-BA32-90853C06A28F}.Debug|Any CPU.ActiveCfg = Debug|Any CPU
		{C4CB8A84-7CC1-4F02-BA32-90853C06A28F}.Debug|Any CPU.Build.0 = Debug|Any CPU
		{C4CB8A84-7CC1-4F02-BA32-90853C06A28F}.Debug|x64.ActiveCfg = Debug|Any CPU
		{C4CB8A84-7CC1-4F02-BA32-90853C06A28F}.Debug|x64.Build.0 = Debug|Any CPU
		{C4CB8A84-7CC1-4F02-BA32-90853C06A28F}.Debug|x86.ActiveCfg = Debug|Any CPU
		{C4CB8A84-7CC1-4F02-BA32-90853C06A28F}.Debug|x86.Build.0 = Debug|Any CPU
		{C4CB8A84-7CC1-4F02-BA32-90853C06A28F}.Release|Any CPU.ActiveCfg = Release|Any CPU
		{C4CB8A84-7CC1-4F02-BA32-90853C06A28F}.Release|Any CPU.Build.0 = Release|Any CPU
		{C4CB8A84-7CC1-4F02-BA32-90853C06A28F}.Release|x64.ActiveCfg = Release|Any CPU
		{C4CB8A84-7CC1-4F02-BA32-90853C06A28F}.Release|x64.Build.0 = Release|Any CPU
		{C4CB8A84-7CC1-4F02-BA32-90853C06A28F}.Release|x86.ActiveCfg = Release|Any CPU
		{C4CB8A84-7CC1-4F02-BA32-90853C06A28F}.Release|x86.Build.0 = Release|Any CPU
	EndGlobalSection
	GlobalSection(SolutionProperties) = preSolution
		HideSolutionNode = FALSE
	EndGlobalSection
	GlobalSection(NestedProjects) = preSolution
		{3B2B492D-1AE7-4E97-BE29-FA9C374689C4} = {F755A031-F1DA-4DBB-A2BD-FAE509288FAA}
		{7EAC4BE3-9F85-41CB-A638-403AF91E7EE9} = {F755A031-F1DA-4DBB-A2BD-FAE509288FAA}
		{1EB8C93E-EC07-4D4B-8DDB-40C27FB02C7D} = {F755A031-F1DA-4DBB-A2BD-FAE509288FAA}
		{B501A4B2-154E-49F8-AD69-CA7CBFFC09FF} = {F755A031-F1DA-4DBB-A2BD-FAE509288FAA}
		{5C2552A6-4D67-402D-9005-4C5A4D06C819} = {F755A031-F1DA-4DBB-A2BD-FAE509288FAA}
		{A7FF7464-7CB0-42AB-B9DD-D1AB329838F9} = {F755A031-F1DA-4DBB-A2BD-FAE509288FAA}
		{DA9868E2-09BC-4E5C-A2D8-114919D940E6} = {F755A031-F1DA-4DBB-A2BD-FAE509288FAA}
		{58296A83-2252-47DC-B34C-757A948CB4A9} = {F755A031-F1DA-4DBB-A2BD-FAE509288FAA}
		{C4CB8A84-7CC1-4F02-BA32-90853C06A28F} = {F755A031-F1DA-4DBB-A2BD-FAE509288FAA}
	EndGlobalSection
EndGlobal
